
Microsoft Visual Studio Solution File, Format Version 12.00
# Visual Studio 15
VisualStudioVersion = 15.0.26228.9
MinimumVisualStudioVersion = 10.0.40219.1
Project("{FAE04EC0-301F-11D3-BF4B-00C04F79EFBC}") = "_1132", "_1132\_1132.csproj", "{EF9718AD-51F6-4A40-B999-9ABE25CB4DB1}"
EndProject
Global
	GlobalSection(SolutionConfigurationPlatforms) = preSolution
		Debug|Any CPU = Debug|Any CPU
		Release|Any CPU = Release|Any CPU
	EndGlobalSection
	GlobalSection(ProjectConfigurationPlatforms) = postSolution
		{EF9718AD-51F6-4A40-B999-9ABE25CB4DB1}.Debug|Any CPU.ActiveCfg = Debug|Any CPU
		{EF9718AD-51F6-4A40-B999-9ABE25CB4DB1}.Debug|Any CPU.Build.0 = Debug|Any CPU
		{EF9718AD-51F6-4A40-B999-9ABE25CB4DB1}.Release|Any CPU.ActiveCfg = Release|Any CPU
		{EF9718AD-51F6-4A40-B999-9ABE25CB4DB1}.Release|Any CPU.Build.0 = Release|Any CPU
	EndGlobalSection
	GlobalSection(SolutionProperties) = preSolution
		HideSolutionNode = FALSE
	EndGlobalSection
EndGlobal
