
Microsoft Visual Studio Solution File, Format Version 12.00
# Visual Studio 14
VisualStudioVersion = 14.0.25420.1
MinimumVisualStudioVersion = 10.0.40219.1
Project("{FAE04EC0-301F-11D3-BF4B-00C04F79EFBC}") = "_1009", "_1009\_1009.csproj", "{5962649F-9857-4B83-9D10-07C4BF15BA8B}"
EndProject
Global
	GlobalSection(SolutionConfigurationPlatforms) = preSolution
		Debug|Any CPU = Debug|Any CPU
		Release|Any CPU = Release|Any CPU
	EndGlobalSection
	GlobalSection(ProjectConfigurationPlatforms) = postSolution
		{5962649F-9857-4B83-9D10-07C4BF15BA8B}.Debug|Any CPU.ActiveCfg = Debug|Any CPU
		{5962649F-9857-4B83-9D10-07C4BF15BA8B}.Debug|Any CPU.Build.0 = Debug|Any CPU
		{5962649F-9857-4B83-9D10-07C4BF15BA8B}.Release|Any CPU.ActiveCfg = Release|Any CPU
		{5962649F-9857-4B83-9D10-07C4BF15BA8B}.Release|Any CPU.Build.0 = Release|Any CPU
	EndGlobalSection
	GlobalSection(SolutionProperties) = preSolution
		HideSolutionNode = FALSE
	EndGlobalSection
EndGlobal
