
Microsoft Visual Studio Solution File, Format Version 12.00
# Visual Studio 15
VisualStudioVersion = 15.0.26430.12
MinimumVisualStudioVersion = 10.0.40219.1
Project("{FAE04EC0-301F-11D3-BF4B-00C04F79EFBC}") = "_1564", "_1564\_1564.csproj", "{CE2194FE-2C2D-4D25-8B72-7F851A06500D}"
EndProject
Global
	GlobalSection(SolutionConfigurationPlatforms) = preSolution
		Debug|Any CPU = Debug|Any CPU
		Release|Any CPU = Release|Any CPU
	EndGlobalSection
	GlobalSection(ProjectConfigurationPlatforms) = postSolution
		{CE2194FE-2C2D-4D25-8B72-7F851A06500D}.Debug|Any CPU.ActiveCfg = Debug|Any CPU
		{CE2194FE-2C2D-4D25-8B72-7F851A06500D}.Debug|Any CPU.Build.0 = Debug|Any CPU
		{CE2194FE-2C2D-4D25-8B72-7F851A06500D}.Release|Any CPU.ActiveCfg = Release|Any CPU
		{CE2194FE-2C2D-4D25-8B72-7F851A06500D}.Release|Any CPU.Build.0 = Release|Any CPU
	EndGlobalSection
	GlobalSection(SolutionProperties) = preSolution
		HideSolutionNode = FALSE
	EndGlobalSection
EndGlobal
