
Microsoft Visual Studio Solution File, Format Version 12.00
# Visual Studio 14
VisualStudioVersion = 14.0.25420.1
MinimumVisualStudioVersion = 10.0.40219.1
Project("{FAE04EC0-301F-11D3-BF4B-00C04F79EFBC}") = "_1042", "_1042\_1042.csproj", "{C641CA6B-09C4-4E01-B949-D986E153D600}"
EndProject
Global
	GlobalSection(SolutionConfigurationPlatforms) = preSolution
		Debug|Any CPU = Debug|Any CPU
		Release|Any CPU = Release|Any CPU
	EndGlobalSection
	GlobalSection(ProjectConfigurationPlatforms) = postSolution
		{C641CA6B-09C4-4E01-B949-D986E153D600}.Debug|Any CPU.ActiveCfg = Debug|Any CPU
		{C641CA6B-09C4-4E01-B949-D986E153D600}.Debug|Any CPU.Build.0 = Debug|Any CPU
		{C641CA6B-09C4-4E01-B949-D986E153D600}.Release|Any CPU.ActiveCfg = Release|Any CPU
		{C641CA6B-09C4-4E01-B949-D986E153D600}.Release|Any CPU.Build.0 = Release|Any CPU
	EndGlobalSection
	GlobalSection(SolutionProperties) = preSolution
		HideSolutionNode = FALSE
	EndGlobalSection
EndGlobal
