
Microsoft Visual Studio Solution File, Format Version 12.00
# Visual Studio 15
VisualStudioVersion = 15.0.26430.6
MinimumVisualStudioVersion = 10.0.40219.1
Project("{FAE04EC0-301F-11D3-BF4B-00C04F79EFBC}") = "_1478", "_1478\_1478.csproj", "{55A79440-E5AA-423A-A877-8B293AC7CC47}"
EndProject
Global
	GlobalSection(SolutionConfigurationPlatforms) = preSolution
		Debug|Any CPU = Debug|Any CPU
		Release|Any CPU = Release|Any CPU
	EndGlobalSection
	GlobalSection(ProjectConfigurationPlatforms) = postSolution
		{55A79440-E5AA-423A-A877-8B293AC7CC47}.Debug|Any CPU.ActiveCfg = Debug|Any CPU
		{55A79440-E5AA-423A-A877-8B293AC7CC47}.Debug|Any CPU.Build.0 = Debug|Any CPU
		{55A79440-E5AA-423A-A877-8B293AC7CC47}.Release|Any CPU.ActiveCfg = Release|Any CPU
		{55A79440-E5AA-423A-A877-8B293AC7CC47}.Release|Any CPU.Build.0 = Release|Any CPU
	EndGlobalSection
	GlobalSection(SolutionProperties) = preSolution
		HideSolutionNode = FALSE
	EndGlobalSection
EndGlobal
